
Microsoft Visual Studio Solution File, Format Version 12.00
# Visual Studio Version 16
VisualStudioVersion = 16.0.30523.141
MinimumVisualStudioVersion = 10.0.40219.1
Project("{FAE04EC0-301F-11D3-BF4B-00C04F79EFBC}") = "Mihai_Andreea_Lab5", "Mihai_Andreea_Lab5.csproj", "{B10D3CFE-E99C-47E6-B31F-0FDBBC009382}"
EndProject
Global
	GlobalSection(SolutionConfigurationPlatforms) = preSolution
		Debug|Any CPU = Debug|Any CPU
		Release|Any CPU = Release|Any CPU
	EndGlobalSection
	GlobalSection(ProjectConfigurationPlatforms) = postSolution
		{B10D3CFE-E99C-47E6-B31F-0FDBBC009382}.Debug|Any CPU.ActiveCfg = Debug|Any CPU
		{B10D3CFE-E99C-47E6-B31F-0FDBBC009382}.Debug|Any CPU.Build.0 = Debug|Any CPU
		{B10D3CFE-E99C-47E6-B31F-0FDBBC009382}.Release|Any CPU.ActiveCfg = Release|Any CPU
		{B10D3CFE-E99C-47E6-B31F-0FDBBC009382}.Release|Any CPU.Build.0 = Release|Any CPU
	EndGlobalSection
	GlobalSection(SolutionProperties) = preSolution
		HideSolutionNode = FALSE
	EndGlobalSection
	GlobalSection(ExtensibilityGlobals) = postSolution
		SolutionGuid = {262DD4A6-4D4C-4B92-BED8-F9CB08406552}
	EndGlobalSection
EndGlobal
